
Microsoft Visual Studio Solution File, Format Version 12.00
# Visual Studio Version 16
VisualStudioVersion = 16.0.30523.141
MinimumVisualStudioVersion = 10.0.40219.1
Project("{FAE04EC0-301F-11D3-BF4B-00C04F79EFBC}") = "ClassLibraryForet", "ClassLibraryForet\ClassLibraryForet.csproj", "{CC6439E7-6475-4E48-BAA7-BD729EEBA072}"
EndProject
Project("{FAE04EC0-301F-11D3-BF4B-00C04F79EFBC}") = "ConsoleAppTestArbreDansForet", "ConsoleAppTestArbreDansForet\ConsoleAppTestArbreDansForet.csproj", "{CBDF79E1-3FE9-4A82-BB8F-14940A481AF9}"
EndProject
Project("{9A19103F-16F7-4668-BE54-9A1E7A4F7556}") = "ConsoleAppTestForet", "ConsoleAppTestForet\ConsoleAppTestForet.csproj", "{457571F8-F86D-46E3-A936-8E5B5C353BB1}"
EndProject
Global
	GlobalSection(SolutionConfigurationPlatforms) = preSolution
		Debug|Any CPU = Debug|Any CPU
		Release|Any CPU = Release|Any CPU
	EndGlobalSection
	GlobalSection(ProjectConfigurationPlatforms) = postSolution
		{CC6439E7-6475-4E48-BAA7-BD729EEBA072}.Debug|Any CPU.ActiveCfg = Debug|Any CPU
		{CC6439E7-6475-4E48-BAA7-BD729EEBA072}.Debug|Any CPU.Build.0 = Debug|Any CPU
		{CC6439E7-6475-4E48-BAA7-BD729EEBA072}.Release|Any CPU.ActiveCfg = Release|Any CPU
		{CC6439E7-6475-4E48-BAA7-BD729EEBA072}.Release|Any CPU.Build.0 = Release|Any CPU
		{CBDF79E1-3FE9-4A82-BB8F-14940A481AF9}.Debug|Any CPU.ActiveCfg = Debug|Any CPU
		{CBDF79E1-3FE9-4A82-BB8F-14940A481AF9}.Debug|Any CPU.Build.0 = Debug|Any CPU
		{CBDF79E1-3FE9-4A82-BB8F-14940A481AF9}.Release|Any CPU.ActiveCfg = Release|Any CPU
		{CBDF79E1-3FE9-4A82-BB8F-14940A481AF9}.Release|Any CPU.Build.0 = Release|Any CPU
		{457571F8-F86D-46E3-A936-8E5B5C353BB1}.Debug|Any CPU.ActiveCfg = Debug|Any CPU
		{457571F8-F86D-46E3-A936-8E5B5C353BB1}.Debug|Any CPU.Build.0 = Debug|Any CPU
		{457571F8-F86D-46E3-A936-8E5B5C353BB1}.Release|Any CPU.ActiveCfg = Release|Any CPU
		{457571F8-F86D-46E3-A936-8E5B5C353BB1}.Release|Any CPU.Build.0 = Release|Any CPU
	EndGlobalSection
	GlobalSection(SolutionProperties) = preSolution
		HideSolutionNode = FALSE
	EndGlobalSection
	GlobalSection(ExtensibilityGlobals) = postSolution
		SolutionGuid = {D18D8474-FF6C-4AD4-8FBB-D2A76DDF6BA0}
	EndGlobalSection
EndGlobal
