
Microsoft Visual Studio Solution File, Format Version 12.00
# Visual Studio Version 16
VisualStudioVersion = 16.0.30907.101
MinimumVisualStudioVersion = 10.0.40219.1
Project("{FAE04EC0-301F-11D3-BF4B-00C04F79EFBC}") = "DesignPatternCompositeFigure", "DesignPatternCompositeFigure\DesignPatternCompositeFigure.csproj", "{AE730ADF-E36F-4739-949A-AD56D47C88C4}"
EndProject
Project("{FAE04EC0-301F-11D3-BF4B-00C04F79EFBC}") = "CompositeLibrary", "CompositeLibrary\CompositeLibrary.csproj", "{D43BB93B-6E25-4D07-855A-B29E738BEF6A}"
EndProject
Global
	GlobalSection(SolutionConfigurationPlatforms) = preSolution
		Debug|Any CPU = Debug|Any CPU
		Release|Any CPU = Release|Any CPU
	EndGlobalSection
	GlobalSection(ProjectConfigurationPlatforms) = postSolution
		{AE730ADF-E36F-4739-949A-AD56D47C88C4}.Debug|Any CPU.ActiveCfg = Debug|Any CPU
		{AE730ADF-E36F-4739-949A-AD56D47C88C4}.Debug|Any CPU.Build.0 = Debug|Any CPU
		{AE730ADF-E36F-4739-949A-AD56D47C88C4}.Release|Any CPU.ActiveCfg = Release|Any CPU
		{AE730ADF-E36F-4739-949A-AD56D47C88C4}.Release|Any CPU.Build.0 = Release|Any CPU
		{D43BB93B-6E25-4D07-855A-B29E738BEF6A}.Debug|Any CPU.ActiveCfg = Debug|Any CPU
		{D43BB93B-6E25-4D07-855A-B29E738BEF6A}.Debug|Any CPU.Build.0 = Debug|Any CPU
		{D43BB93B-6E25-4D07-855A-B29E738BEF6A}.Release|Any CPU.ActiveCfg = Release|Any CPU
		{D43BB93B-6E25-4D07-855A-B29E738BEF6A}.Release|Any CPU.Build.0 = Release|Any CPU
	EndGlobalSection
	GlobalSection(SolutionProperties) = preSolution
		HideSolutionNode = FALSE
	EndGlobalSection
	GlobalSection(ExtensibilityGlobals) = postSolution
		SolutionGuid = {61F148DA-E531-4852-AB13-ECCD160278B2}
	EndGlobalSection
EndGlobal
