
Microsoft Visual Studio Solution File, Format Version 12.00
# Visual Studio Version 16
VisualStudioVersion = 16.0.30523.141
MinimumVisualStudioVersion = 10.0.40219.1
Project("{FAE04EC0-301F-11D3-BF4B-00C04F79EFBC}") = "ClassLibraryZoo", "ClassLibraryZoo\ClassLibraryZoo.csproj", "{7CA99466-87E2-4637-92BD-C873F7E56A3A}"
EndProject
Project("{FAE04EC0-301F-11D3-BF4B-00C04F79EFBC}") = "ConsoleAppTestZoo", "ConsoleAppTestZoo\ConsoleAppTestZoo.csproj", "{DA8170F4-3437-40E8-9022-E197AF88A636}"
EndProject
Global
	GlobalSection(SolutionConfigurationPlatforms) = preSolution
		Debug|Any CPU = Debug|Any CPU
		Release|Any CPU = Release|Any CPU
	EndGlobalSection
	GlobalSection(ProjectConfigurationPlatforms) = postSolution
		{7CA99466-87E2-4637-92BD-C873F7E56A3A}.Debug|Any CPU.ActiveCfg = Debug|Any CPU
		{7CA99466-87E2-4637-92BD-C873F7E56A3A}.Debug|Any CPU.Build.0 = Debug|Any CPU
		{7CA99466-87E2-4637-92BD-C873F7E56A3A}.Release|Any CPU.ActiveCfg = Release|Any CPU
		{7CA99466-87E2-4637-92BD-C873F7E56A3A}.Release|Any CPU.Build.0 = Release|Any CPU
		{DA8170F4-3437-40E8-9022-E197AF88A636}.Debug|Any CPU.ActiveCfg = Debug|Any CPU
		{DA8170F4-3437-40E8-9022-E197AF88A636}.Debug|Any CPU.Build.0 = Debug|Any CPU
		{DA8170F4-3437-40E8-9022-E197AF88A636}.Release|Any CPU.ActiveCfg = Release|Any CPU
		{DA8170F4-3437-40E8-9022-E197AF88A636}.Release|Any CPU.Build.0 = Release|Any CPU
	EndGlobalSection
	GlobalSection(SolutionProperties) = preSolution
		HideSolutionNode = FALSE
	EndGlobalSection
	GlobalSection(ExtensibilityGlobals) = postSolution
		SolutionGuid = {67A5D91A-EFBA-4BD5-9C4B-1B18D81053A6}
	EndGlobalSection
EndGlobal
