
Microsoft Visual Studio Solution File, Format Version 12.00
# Visual Studio Version 16
VisualStudioVersion = 16.0.30523.141
MinimumVisualStudioVersion = 10.0.40219.1
Project("{FAE04EC0-301F-11D3-BF4B-00C04F79EFBC}") = "Calculatrice", "Calculatrice\Calculatrice.csproj", "{414B4D03-D98B-4E6B-803B-6D7926AD2D79}"
EndProject
Project("{2150E333-8FDC-42A3-9474-1A3956D46DE8}") = "ValidationDeSaisie", "ValidationDeSaisie", "{956321F8-4ED0-4747-ABCC-7BE25402B437}"
EndProject
Project("{FAE04EC0-301F-11D3-BF4B-00C04F79EFBC}") = "ClassLibraryBill", "ValidationDeSaisie\ClassLibraryBill\ClassLibraryBill.csproj", "{ADC5CD28-67CC-4951-B629-068D07CE7C38}"
EndProject
Project("{FAE04EC0-301F-11D3-BF4B-00C04F79EFBC}") = "ClassLibraryChecksTools", "ValidationDeSaisie\ClassLibraryCheckTools\ClassLibraryChecksTools.csproj", "{7FF156F9-0EA5-4BCB-8F28-FBB2E63CE097}"
EndProject
Project("{FAE04EC0-301F-11D3-BF4B-00C04F79EFBC}") = "ValidationTyping", "ValidationDeSaisie\ValidationTyping\ValidationTyping.csproj", "{71288B7F-F40D-4D01-975E-1348F346C4E5}"
EndProject
Project("{2150E333-8FDC-42A3-9474-1A3956D46DE8}") = "ValidationDeSaisieV2", "ValidationDeSaisieV2", "{61B59964-8ECC-4509-B91B-66D2D5BDA124}"
EndProject
Project("{FAE04EC0-301F-11D3-BF4B-00C04F79EFBC}") = "ClassLibraryBill", "ValidationDeSaisieV2\ClassLibraryBill\ClassLibraryBill.csproj", "{5AF7452F-462D-4BBE-8B3F-5C7B653EFB39}"
EndProject
Project("{FAE04EC0-301F-11D3-BF4B-00C04F79EFBC}") = "ClassLibraryChecksTools", "ValidationDeSaisieV2\ClassLibraryCheckTools\ClassLibraryChecksTools.csproj", "{69AB0927-A069-4C45-B6CC-1886C94D4F13}"
EndProject
Project("{FAE04EC0-301F-11D3-BF4B-00C04F79EFBC}") = "ValidationTyping", "ValidationDeSaisieV2\ValidationTyping\ValidationTyping.csproj", "{0930240F-D9CB-4F5F-A426-CFA9DA2166BF}"
EndProject
Project("{FAE04EC0-301F-11D3-BF4B-00C04F79EFBC}") = "CheckBoxEtRadioBouttons", "CheckBoxEtRadioBouttons\CheckBoxEtRadioBouttons.csproj", "{58409F86-1BB0-42F8-B8B4-8DC3B7D9FA9A}"
EndProject
Project("{2150E333-8FDC-42A3-9474-1A3956D46DE8}") = "ListBox", "ListBox", "{D1FC9D2B-1C34-44E2-BEC4-AB502F01D6A9}"
EndProject
Project("{FAE04EC0-301F-11D3-BF4B-00C04F79EFBC}") = "ClassLibraryCheckTools", "ListBox\ClassLibraryCheckTools\ClassLibraryCheckTools.csproj", "{90247A66-B4DA-49B3-A6B0-E93479BF0415}"
EndProject
Project("{FAE04EC0-301F-11D3-BF4B-00C04F79EFBC}") = "ListBoxMain", "ListBox\ListBoxMain\ListBoxMain.csproj", "{427B9E50-9B26-4777-A789-9017874ACB0D}"
EndProject
Project("{FAE04EC0-301F-11D3-BF4B-00C04F79EFBC}") = "ListBoxEtComboBox", "ListBoxEtComboBox\ListBoxEtComboBox.csproj", "{F09D71E5-5D09-461B-8BEB-5E823F258050}"
EndProject
Project("{FAE04EC0-301F-11D3-BF4B-00C04F79EFBC}") = "Defilement", "Defilement\Defilement.csproj", "{F58DE7E4-BCFD-411A-A1AB-5DDA10B32D11}"
EndProject
Project("{FAE04EC0-301F-11D3-BF4B-00C04F79EFBC}") = "DefilementV2", "DefilementV2\DefilementV2.csproj", "{8F2B1351-57A9-491F-9C1D-B92C72CDAABB}"
EndProject
Project("{2150E333-8FDC-42A3-9474-1A3956D46DE8}") = "EmpruntBanque", "EmpruntBanque", "{B86C50E2-289F-473B-8F40-D384E7AD05AD}"
EndProject
Project("{FAE04EC0-301F-11D3-BF4B-00C04F79EFBC}") = "Emprunt", "Emprunt\Emprunt\Emprunt.csproj", "{B06A6EF7-D26F-435E-BD81-D9AA940EE5A4}"
	ProjectSection(ProjectDependencies) = postProject
		{C9F19767-90FE-4983-9AD6-CB9749A6AC32} = {C9F19767-90FE-4983-9AD6-CB9749A6AC32}
	EndProjectSection
EndProject
Project("{FAE04EC0-301F-11D3-BF4B-00C04F79EFBC}") = "ClassLibraryLoan", "Emprunt\ClassLibrary\ClassLibraryLoan\ClassLibraryLoan.csproj", "{C9F19767-90FE-4983-9AD6-CB9749A6AC32}"
EndProject
Project("{FAE04EC0-301F-11D3-BF4B-00C04F79EFBC}") = "UnitTestLoan", "Emprunt\UnitTestLoan\UnitTestLoan.csproj", "{E7FE538F-A380-452F-A003-9171276D0DEE}"
EndProject
Project("{FAE04EC0-301F-11D3-BF4B-00C04F79EFBC}") = "ApplicationMdi", "ApplicationMdi\ApplicationMdi.csproj", "{A623ED62-AED4-42D3-9B88-CBC284B2F37E}"
EndProject
Global
	GlobalSection(SolutionConfigurationPlatforms) = preSolution
		Debug|Any CPU = Debug|Any CPU
		Release|Any CPU = Release|Any CPU
	EndGlobalSection
	GlobalSection(ProjectConfigurationPlatforms) = postSolution
		{414B4D03-D98B-4E6B-803B-6D7926AD2D79}.Debug|Any CPU.ActiveCfg = Debug|Any CPU
		{414B4D03-D98B-4E6B-803B-6D7926AD2D79}.Debug|Any CPU.Build.0 = Debug|Any CPU
		{414B4D03-D98B-4E6B-803B-6D7926AD2D79}.Release|Any CPU.ActiveCfg = Release|Any CPU
		{414B4D03-D98B-4E6B-803B-6D7926AD2D79}.Release|Any CPU.Build.0 = Release|Any CPU
		{ADC5CD28-67CC-4951-B629-068D07CE7C38}.Debug|Any CPU.ActiveCfg = Debug|Any CPU
		{ADC5CD28-67CC-4951-B629-068D07CE7C38}.Debug|Any CPU.Build.0 = Debug|Any CPU
		{ADC5CD28-67CC-4951-B629-068D07CE7C38}.Release|Any CPU.ActiveCfg = Release|Any CPU
		{ADC5CD28-67CC-4951-B629-068D07CE7C38}.Release|Any CPU.Build.0 = Release|Any CPU
		{7FF156F9-0EA5-4BCB-8F28-FBB2E63CE097}.Debug|Any CPU.ActiveCfg = Debug|Any CPU
		{7FF156F9-0EA5-4BCB-8F28-FBB2E63CE097}.Debug|Any CPU.Build.0 = Debug|Any CPU
		{7FF156F9-0EA5-4BCB-8F28-FBB2E63CE097}.Release|Any CPU.ActiveCfg = Release|Any CPU
		{7FF156F9-0EA5-4BCB-8F28-FBB2E63CE097}.Release|Any CPU.Build.0 = Release|Any CPU
		{71288B7F-F40D-4D01-975E-1348F346C4E5}.Debug|Any CPU.ActiveCfg = Debug|Any CPU
		{71288B7F-F40D-4D01-975E-1348F346C4E5}.Debug|Any CPU.Build.0 = Debug|Any CPU
		{71288B7F-F40D-4D01-975E-1348F346C4E5}.Release|Any CPU.ActiveCfg = Release|Any CPU
		{71288B7F-F40D-4D01-975E-1348F346C4E5}.Release|Any CPU.Build.0 = Release|Any CPU
		{5AF7452F-462D-4BBE-8B3F-5C7B653EFB39}.Debug|Any CPU.ActiveCfg = Debug|Any CPU
		{5AF7452F-462D-4BBE-8B3F-5C7B653EFB39}.Debug|Any CPU.Build.0 = Debug|Any CPU
		{5AF7452F-462D-4BBE-8B3F-5C7B653EFB39}.Release|Any CPU.ActiveCfg = Release|Any CPU
		{5AF7452F-462D-4BBE-8B3F-5C7B653EFB39}.Release|Any CPU.Build.0 = Release|Any CPU
		{69AB0927-A069-4C45-B6CC-1886C94D4F13}.Debug|Any CPU.ActiveCfg = Debug|Any CPU
		{69AB0927-A069-4C45-B6CC-1886C94D4F13}.Debug|Any CPU.Build.0 = Debug|Any CPU
		{69AB0927-A069-4C45-B6CC-1886C94D4F13}.Release|Any CPU.ActiveCfg = Release|Any CPU
		{69AB0927-A069-4C45-B6CC-1886C94D4F13}.Release|Any CPU.Build.0 = Release|Any CPU
		{0930240F-D9CB-4F5F-A426-CFA9DA2166BF}.Debug|Any CPU.ActiveCfg = Debug|Any CPU
		{0930240F-D9CB-4F5F-A426-CFA9DA2166BF}.Debug|Any CPU.Build.0 = Debug|Any CPU
		{0930240F-D9CB-4F5F-A426-CFA9DA2166BF}.Release|Any CPU.ActiveCfg = Release|Any CPU
		{0930240F-D9CB-4F5F-A426-CFA9DA2166BF}.Release|Any CPU.Build.0 = Release|Any CPU
		{58409F86-1BB0-42F8-B8B4-8DC3B7D9FA9A}.Debug|Any CPU.ActiveCfg = Debug|Any CPU
		{58409F86-1BB0-42F8-B8B4-8DC3B7D9FA9A}.Debug|Any CPU.Build.0 = Debug|Any CPU
		{58409F86-1BB0-42F8-B8B4-8DC3B7D9FA9A}.Release|Any CPU.ActiveCfg = Release|Any CPU
		{58409F86-1BB0-42F8-B8B4-8DC3B7D9FA9A}.Release|Any CPU.Build.0 = Release|Any CPU
		{90247A66-B4DA-49B3-A6B0-E93479BF0415}.Debug|Any CPU.ActiveCfg = Debug|Any CPU
		{90247A66-B4DA-49B3-A6B0-E93479BF0415}.Debug|Any CPU.Build.0 = Debug|Any CPU
		{90247A66-B4DA-49B3-A6B0-E93479BF0415}.Release|Any CPU.ActiveCfg = Release|Any CPU
		{90247A66-B4DA-49B3-A6B0-E93479BF0415}.Release|Any CPU.Build.0 = Release|Any CPU
		{427B9E50-9B26-4777-A789-9017874ACB0D}.Debug|Any CPU.ActiveCfg = Debug|Any CPU
		{427B9E50-9B26-4777-A789-9017874ACB0D}.Debug|Any CPU.Build.0 = Debug|Any CPU
		{427B9E50-9B26-4777-A789-9017874ACB0D}.Release|Any CPU.ActiveCfg = Release|Any CPU
		{427B9E50-9B26-4777-A789-9017874ACB0D}.Release|Any CPU.Build.0 = Release|Any CPU
		{F09D71E5-5D09-461B-8BEB-5E823F258050}.Debug|Any CPU.ActiveCfg = Debug|Any CPU
		{F09D71E5-5D09-461B-8BEB-5E823F258050}.Debug|Any CPU.Build.0 = Debug|Any CPU
		{F09D71E5-5D09-461B-8BEB-5E823F258050}.Release|Any CPU.ActiveCfg = Release|Any CPU
		{F09D71E5-5D09-461B-8BEB-5E823F258050}.Release|Any CPU.Build.0 = Release|Any CPU
		{F58DE7E4-BCFD-411A-A1AB-5DDA10B32D11}.Debug|Any CPU.ActiveCfg = Debug|Any CPU
		{F58DE7E4-BCFD-411A-A1AB-5DDA10B32D11}.Debug|Any CPU.Build.0 = Debug|Any CPU
		{F58DE7E4-BCFD-411A-A1AB-5DDA10B32D11}.Release|Any CPU.ActiveCfg = Release|Any CPU
		{F58DE7E4-BCFD-411A-A1AB-5DDA10B32D11}.Release|Any CPU.Build.0 = Release|Any CPU
		{8F2B1351-57A9-491F-9C1D-B92C72CDAABB}.Debug|Any CPU.ActiveCfg = Debug|Any CPU
		{8F2B1351-57A9-491F-9C1D-B92C72CDAABB}.Debug|Any CPU.Build.0 = Debug|Any CPU
		{8F2B1351-57A9-491F-9C1D-B92C72CDAABB}.Release|Any CPU.ActiveCfg = Release|Any CPU
		{8F2B1351-57A9-491F-9C1D-B92C72CDAABB}.Release|Any CPU.Build.0 = Release|Any CPU
		{B06A6EF7-D26F-435E-BD81-D9AA940EE5A4}.Debug|Any CPU.ActiveCfg = Debug|Any CPU
		{B06A6EF7-D26F-435E-BD81-D9AA940EE5A4}.Debug|Any CPU.Build.0 = Debug|Any CPU
		{B06A6EF7-D26F-435E-BD81-D9AA940EE5A4}.Release|Any CPU.ActiveCfg = Release|Any CPU
		{B06A6EF7-D26F-435E-BD81-D9AA940EE5A4}.Release|Any CPU.Build.0 = Release|Any CPU
		{C9F19767-90FE-4983-9AD6-CB9749A6AC32}.Debug|Any CPU.ActiveCfg = Debug|Any CPU
		{C9F19767-90FE-4983-9AD6-CB9749A6AC32}.Debug|Any CPU.Build.0 = Debug|Any CPU
		{C9F19767-90FE-4983-9AD6-CB9749A6AC32}.Release|Any CPU.ActiveCfg = Release|Any CPU
		{C9F19767-90FE-4983-9AD6-CB9749A6AC32}.Release|Any CPU.Build.0 = Release|Any CPU
		{E7FE538F-A380-452F-A003-9171276D0DEE}.Debug|Any CPU.ActiveCfg = Debug|Any CPU
		{E7FE538F-A380-452F-A003-9171276D0DEE}.Debug|Any CPU.Build.0 = Debug|Any CPU
		{E7FE538F-A380-452F-A003-9171276D0DEE}.Release|Any CPU.ActiveCfg = Release|Any CPU
		{E7FE538F-A380-452F-A003-9171276D0DEE}.Release|Any CPU.Build.0 = Release|Any CPU
		{A623ED62-AED4-42D3-9B88-CBC284B2F37E}.Debug|Any CPU.ActiveCfg = Debug|Any CPU
		{A623ED62-AED4-42D3-9B88-CBC284B2F37E}.Debug|Any CPU.Build.0 = Debug|Any CPU
		{A623ED62-AED4-42D3-9B88-CBC284B2F37E}.Release|Any CPU.ActiveCfg = Release|Any CPU
		{A623ED62-AED4-42D3-9B88-CBC284B2F37E}.Release|Any CPU.Build.0 = Release|Any CPU
	EndGlobalSection
	GlobalSection(SolutionProperties) = preSolution
		HideSolutionNode = FALSE
	EndGlobalSection
	GlobalSection(NestedProjects) = preSolution
		{ADC5CD28-67CC-4951-B629-068D07CE7C38} = {956321F8-4ED0-4747-ABCC-7BE25402B437}
		{7FF156F9-0EA5-4BCB-8F28-FBB2E63CE097} = {956321F8-4ED0-4747-ABCC-7BE25402B437}
		{71288B7F-F40D-4D01-975E-1348F346C4E5} = {956321F8-4ED0-4747-ABCC-7BE25402B437}
		{5AF7452F-462D-4BBE-8B3F-5C7B653EFB39} = {61B59964-8ECC-4509-B91B-66D2D5BDA124}
		{69AB0927-A069-4C45-B6CC-1886C94D4F13} = {61B59964-8ECC-4509-B91B-66D2D5BDA124}
		{0930240F-D9CB-4F5F-A426-CFA9DA2166BF} = {61B59964-8ECC-4509-B91B-66D2D5BDA124}
		{90247A66-B4DA-49B3-A6B0-E93479BF0415} = {D1FC9D2B-1C34-44E2-BEC4-AB502F01D6A9}
		{427B9E50-9B26-4777-A789-9017874ACB0D} = {D1FC9D2B-1C34-44E2-BEC4-AB502F01D6A9}
		{B06A6EF7-D26F-435E-BD81-D9AA940EE5A4} = {B86C50E2-289F-473B-8F40-D384E7AD05AD}
		{C9F19767-90FE-4983-9AD6-CB9749A6AC32} = {B86C50E2-289F-473B-8F40-D384E7AD05AD}
		{E7FE538F-A380-452F-A003-9171276D0DEE} = {B86C50E2-289F-473B-8F40-D384E7AD05AD}
	EndGlobalSection
	GlobalSection(ExtensibilityGlobals) = postSolution
		SolutionGuid = {A958D815-B0BE-4331-8240-B1138457B955}
	EndGlobalSection
EndGlobal
