
Microsoft Visual Studio Solution File, Format Version 12.00
# Visual Studio Version 16
VisualStudioVersion = 16.0.30523.141
MinimumVisualStudioVersion = 10.0.40219.1
Project("{FAE04EC0-301F-11D3-BF4B-00C04F79EFBC}") = "ClassLibraryForet", "ClassLibraryForet\ClassLibraryForet.csproj", "{CC6439E7-6475-4E48-BAA7-BD729EEBA072}"
EndProject
Project("{9A19103F-16F7-4668-BE54-9A1E7A4F7556}") = "ConsoleAppTestForet", "ConsoleAppTestForet\ConsoleAppTestForet.csproj", "{C455345C-AF64-4ABA-BB20-77F029953A69}"
EndProject
Global
	GlobalSection(SolutionConfigurationPlatforms) = preSolution
		Debug|Any CPU = Debug|Any CPU
		Release|Any CPU = Release|Any CPU
	EndGlobalSection
	GlobalSection(ProjectConfigurationPlatforms) = postSolution
		{CC6439E7-6475-4E48-BAA7-BD729EEBA072}.Debug|Any CPU.ActiveCfg = Debug|Any CPU
		{CC6439E7-6475-4E48-BAA7-BD729EEBA072}.Debug|Any CPU.Build.0 = Debug|Any CPU
		{CC6439E7-6475-4E48-BAA7-BD729EEBA072}.Release|Any CPU.ActiveCfg = Release|Any CPU
		{CC6439E7-6475-4E48-BAA7-BD729EEBA072}.Release|Any CPU.Build.0 = Release|Any CPU
		{C455345C-AF64-4ABA-BB20-77F029953A69}.Debug|Any CPU.ActiveCfg = Debug|Any CPU
		{C455345C-AF64-4ABA-BB20-77F029953A69}.Debug|Any CPU.Build.0 = Debug|Any CPU
		{C455345C-AF64-4ABA-BB20-77F029953A69}.Release|Any CPU.ActiveCfg = Release|Any CPU
		{C455345C-AF64-4ABA-BB20-77F029953A69}.Release|Any CPU.Build.0 = Release|Any CPU
	EndGlobalSection
	GlobalSection(SolutionProperties) = preSolution
		HideSolutionNode = FALSE
	EndGlobalSection
	GlobalSection(ExtensibilityGlobals) = postSolution
		SolutionGuid = {BBC83ABE-9A89-42A0-AD9B-BC119C2E5E21}
	EndGlobalSection
EndGlobal
